
Microsoft Visual Studio Solution File, Format Version 12.00
# Visual Studio Version 17
VisualStudioVersion = 17.14.36202.13
MinimumVisualStudioVersion = 10.0.40219.1
Project("{FAE04EC0-301F-11D3-BF4B-00C04F79EFBC}") = "Client", "Client\Client.csproj", "{EACEC75D-798C-4E72-B7D4-FB2579267587}"
EndProject
Project("{FAE04EC0-301F-11D3-BF4B-00C04F79EFBC}") = "ServerCore", "ServerCore\ServerCore.csproj", "{45337589-3844-40A7-8378-1C9C2AD4D318}"
EndProject
Project("{2150E333-8FDC-42A3-9474-1A3956D46DE8}") = "SQL", "SQL", "{02EA681E-C7D8-13C7-8484-4AC65E1B71E8}"
	ProjectSection(SolutionItems) = preProject
		setup.sql = setup.sql
	EndProjectSection
EndProject
Global
	GlobalSection(SolutionConfigurationPlatforms) = preSolution
		Debug|Any CPU = Debug|Any CPU
		Release|Any CPU = Release|Any CPU
	EndGlobalSection
	GlobalSection(ProjectConfigurationPlatforms) = postSolution
		{EACEC75D-798C-4E72-B7D4-FB2579267587}.Debug|Any CPU.ActiveCfg = Debug|Any CPU
		{EACEC75D-798C-4E72-B7D4-FB2579267587}.Debug|Any CPU.Build.0 = Debug|Any CPU
		{EACEC75D-798C-4E72-B7D4-FB2579267587}.Release|Any CPU.ActiveCfg = Release|Any CPU
		{EACEC75D-798C-4E72-B7D4-FB2579267587}.Release|Any CPU.Build.0 = Release|Any CPU
		{45337589-3844-40A7-8378-1C9C2AD4D318}.Debug|Any CPU.ActiveCfg = Debug|Any CPU
		{45337589-3844-40A7-8378-1C9C2AD4D318}.Debug|Any CPU.Build.0 = Debug|Any CPU
		{45337589-3844-40A7-8378-1C9C2AD4D318}.Release|Any CPU.ActiveCfg = Release|Any CPU
		{45337589-3844-40A7-8378-1C9C2AD4D318}.Release|Any CPU.Build.0 = Release|Any CPU
	EndGlobalSection
	GlobalSection(SolutionProperties) = preSolution
		HideSolutionNode = FALSE
	EndGlobalSection
	GlobalSection(ExtensibilityGlobals) = postSolution
		SolutionGuid = {09E2B73A-DA54-440B-B97D-73954AD00E5C}
	EndGlobalSection
EndGlobal
